
Microsoft Visual Studio Solution File, Format Version 12.00
# Visual Studio 15
Project("{FAE04EC0-301F-11D3-BF4B-00C04F79EFBC}") = "Assembly-CSharp", "Assembly-CSharp.csproj", "{3D8B4D9E-920D-09D1-6684-BD2852B0A524}"
EndProject
Project("{FAE04EC0-301F-11D3-BF4B-00C04F79EFBC}") = "Assembly-CSharp-firstpass", "Assembly-CSharp-firstpass.csproj", "{33170432-4429-6699-CAFC-8E14005D56E2}"
EndProject
Project("{FAE04EC0-301F-11D3-BF4B-00C04F79EFBC}") = "Assembly-CSharp-Editor", "Assembly-CSharp-Editor.csproj", "{74670EA4-4ACD-9268-CEA8-4D15EF0087BE}"
EndProject
Global
	GlobalSection(SolutionConfigurationPlatforms) = preSolution
		Debug|Any CPU = Debug|Any CPU
		Release|Any CPU = Release|Any CPU
	EndGlobalSection
	GlobalSection(ProjectConfigurationPlatforms) = postSolution
		{3D8B4D9E-920D-09D1-6684-BD2852B0A524}.Debug|Any CPU.ActiveCfg = Debug|Any CPU
		{3D8B4D9E-920D-09D1-6684-BD2852B0A524}.Debug|Any CPU.Build.0 = Debug|Any CPU
		{3D8B4D9E-920D-09D1-6684-BD2852B0A524}.Release|Any CPU.ActiveCfg = Release|Any CPU
		{3D8B4D9E-920D-09D1-6684-BD2852B0A524}.Release|Any CPU.Build.0 = Release|Any CPU
		{33170432-4429-6699-CAFC-8E14005D56E2}.Debug|Any CPU.ActiveCfg = Debug|Any CPU
		{33170432-4429-6699-CAFC-8E14005D56E2}.Debug|Any CPU.Build.0 = Debug|Any CPU
		{33170432-4429-6699-CAFC-8E14005D56E2}.Release|Any CPU.ActiveCfg = Release|Any CPU
		{33170432-4429-6699-CAFC-8E14005D56E2}.Release|Any CPU.Build.0 = Release|Any CPU
		{74670EA4-4ACD-9268-CEA8-4D15EF0087BE}.Debug|Any CPU.ActiveCfg = Debug|Any CPU
		{74670EA4-4ACD-9268-CEA8-4D15EF0087BE}.Debug|Any CPU.Build.0 = Debug|Any CPU
		{74670EA4-4ACD-9268-CEA8-4D15EF0087BE}.Release|Any CPU.ActiveCfg = Release|Any CPU
		{74670EA4-4ACD-9268-CEA8-4D15EF0087BE}.Release|Any CPU.Build.0 = Release|Any CPU
	EndGlobalSection
	GlobalSection(SolutionProperties) = preSolution
		HideSolutionNode = FALSE
	EndGlobalSection
EndGlobal
